{
  "name": "marketplace-cms-components",
  "version": "0.0.1",
  "lockfileVersion": 1,
  "requires": true,
  "dependencies": {
    "@tinymce/tinymce-angular": {
      "version": "4.0.0",
      "resolved": "https://registry.npmjs.org/@tinymce/tinymce-angular/-/tinymce-angular-4.0.0.tgz",
      "integrity": "sha512-CmsKournkWWK5O7d8qgZQPvRC76z36GjeD3ZAHZEY/kUXKWAIXfbrHxxgQq9m7+wlfZq9QNgRx5ufN9y9N46DQ==",
      "requires": {
        "tslib": "^1.10.0"
      },
      "dependencies": {
        "tslib": {
          "version": "1.13.0",
          "resolved": "https://registry.npmjs.org/tslib/-/tslib-1.13.0.tgz",
          "integrity": "sha512-i/6DQjL8Xf3be4K/E6Wgpekn5Qasl1usyw++dAA35Ue5orEn65VIxOA+YvNNl9HV3qv70T7CNwjODHZrLwvd1Q=="
        }
      }
    },
    "case": {
      "version": "1.6.3",
      "resolved": "https://registry.npmjs.org/case/-/case-1.6.3.tgz",
      "integrity": "sha512-mzDSXIPaFwVDvZAHqZ9VlbyF4yyXRuX6IvB06WvPYkqJVO24kX1PPhv9bfpKNFZyxYFmmgo03HUiD8iklmJYRQ=="
    },
    "ngx-spinner": {
      "version": "9.0.2",
      "resolved": "https://registry.npmjs.org/ngx-spinner/-/ngx-spinner-9.0.2.tgz",
      "integrity": "sha512-Yoed+9389GMxHhyPavBA7S3JY5XF38hIhW+qcJuPcxwOJHkhnr6hZFtuSlp1oXMp3HySQPEskWks1joMtmztMA=="
    },
    "tinymce": {
      "version": "5.4.1",
      "resolved": "https://registry.npmjs.org/tinymce/-/tinymce-5.4.1.tgz",
      "integrity": "sha512-eUjwDVCTSHSnFfpzX5TjTHXsGj5gvPQwzo3RFDF374gfK5voHqcRGojvQnu4NtNW1BAb012/KW1tkXBbUrEveg=="
    }
  }
}
